{
  "name": "containers",
  "lockfileVersion": 3,
  "requires": true,
  "packages": {
    "": {
      "dependencies": {
        "pretty-bytes": "^7.0.0"
      }
    },
    "node_modules/pretty-bytes": {
      "version": "7.0.1",
      "resolved": "https://registry.npmjs.org/pretty-bytes/-/pretty-bytes-7.0.1.tgz",
      "integrity": "sha512-285/jRCYIbMGDciDdrw0KPNC4LKEEwz/bwErcYNxSJOi4CpGUuLpb9gQpg3XJP0XYj9ldSRluXxih4lX2YN8Xw==",
      "license": "MIT",
      "engines": {
        "node": ">=20"
      },
      "funding": {
        "url": "https://github.com/sponsors/sindresorhus"
      }
    }
  }
}
